
Microsoft Visual Studio Solution File, Format Version 12.00
# Visual Studio Version 16
VisualStudioVersion = 16.0.30011.22
MinimumVisualStudioVersion = 10.0.40219.1
Project("{FAE04EC0-301F-11D3-BF4B-00C04F79EFBC}") = "BarCrawlers", "BarCrawlers\BarCrawlers.csproj", "{087F9332-3497-4357-82A1-9F93D0C7CE1C}"
EndProject
Project("{FAE04EC0-301F-11D3-BF4B-00C04F79EFBC}") = "BarCrawlers.Data", "BarCrawlers.Data\BarCrawlers.Data.csproj", "{E7A53A56-B762-421D-84A6-D2638C14040A}"
EndProject
Project("{FAE04EC0-301F-11D3-BF4B-00C04F79EFBC}") = "BarCrawlers.Services", "BarCrawlers.Services\BarCrawlers.Services.csproj", "{ECCFF231-9FE4-4677-8E3C-9F1C3AF45556}"
EndProject
Project("{FAE04EC0-301F-11D3-BF4B-00C04F79EFBC}") = "BarCrawlers.Tests", "BarCrawlers.Tests\BarCrawlers.Tests.csproj", "{41E4CE73-D164-4F40-A562-E5FC342D40A2}"
EndProject
Global
	GlobalSection(SolutionConfigurationPlatforms) = preSolution
		Debug|Any CPU = Debug|Any CPU
		Release|Any CPU = Release|Any CPU
	EndGlobalSection
	GlobalSection(ProjectConfigurationPlatforms) = postSolution
		{087F9332-3497-4357-82A1-9F93D0C7CE1C}.Debug|Any CPU.ActiveCfg = Debug|Any CPU
		{087F9332-3497-4357-82A1-9F93D0C7CE1C}.Debug|Any CPU.Build.0 = Debug|Any CPU
		{087F9332-3497-4357-82A1-9F93D0C7CE1C}.Release|Any CPU.ActiveCfg = Release|Any CPU
		{087F9332-3497-4357-82A1-9F93D0C7CE1C}.Release|Any CPU.Build.0 = Release|Any CPU
		{E7A53A56-B762-421D-84A6-D2638C14040A}.Debug|Any CPU.ActiveCfg = Debug|Any CPU
		{E7A53A56-B762-421D-84A6-D2638C14040A}.Debug|Any CPU.Build.0 = Debug|Any CPU
		{E7A53A56-B762-421D-84A6-D2638C14040A}.Release|Any CPU.ActiveCfg = Release|Any CPU
		{E7A53A56-B762-421D-84A6-D2638C14040A}.Release|Any CPU.Build.0 = Release|Any CPU
		{ECCFF231-9FE4-4677-8E3C-9F1C3AF45556}.Debug|Any CPU.ActiveCfg = Debug|Any CPU
		{ECCFF231-9FE4-4677-8E3C-9F1C3AF45556}.Debug|Any CPU.Build.0 = Debug|Any CPU
		{ECCFF231-9FE4-4677-8E3C-9F1C3AF45556}.Release|Any CPU.ActiveCfg = Release|Any CPU
		{ECCFF231-9FE4-4677-8E3C-9F1C3AF45556}.Release|Any CPU.Build.0 = Release|Any CPU
		{41E4CE73-D164-4F40-A562-E5FC342D40A2}.Debug|Any CPU.ActiveCfg = Debug|Any CPU
		{41E4CE73-D164-4F40-A562-E5FC342D40A2}.Debug|Any CPU.Build.0 = Debug|Any CPU
		{41E4CE73-D164-4F40-A562-E5FC342D40A2}.Release|Any CPU.ActiveCfg = Release|Any CPU
		{41E4CE73-D164-4F40-A562-E5FC342D40A2}.Release|Any CPU.Build.0 = Release|Any CPU
	EndGlobalSection
	GlobalSection(SolutionProperties) = preSolution
		HideSolutionNode = FALSE
	EndGlobalSection
	GlobalSection(ExtensibilityGlobals) = postSolution
		SolutionGuid = {F1B0256F-BC24-429C-BDDB-A7C704AAF5D9}
	EndGlobalSection
EndGlobal
